
Microsoft Visual Studio Solution File, Format Version 12.00
# Visual Studio 2013
VisualStudioVersion = 12.0.31101.0
MinimumVisualStudioVersion = 10.0.40219.1
Project("{FAE04EC0-301F-11D3-BF4B-00C04F79EFBC}") = "ExceptionBeautifier.Example", "ExceptionBeautifier.Example\ExceptionBeautifier.Example.csproj", "{946AA91E-6FDB-4293-984D-92D295E72CB0}"
EndProject
Project("{FAE04EC0-301F-11D3-BF4B-00C04F79EFBC}") = "ExceptionBeutifier", "ExceptionBeutifier\ExceptionBeutifier.csproj", "{67BE58BF-14C7-457B-A8FF-7A3F6CE16A6D}"
EndProject
Global
	GlobalSection(SolutionConfigurationPlatforms) = preSolution
		Debug|Any CPU = Debug|Any CPU
		Release|Any CPU = Release|Any CPU
	EndGlobalSection
	GlobalSection(ProjectConfigurationPlatforms) = postSolution
		{946AA91E-6FDB-4293-984D-92D295E72CB0}.Debug|Any CPU.ActiveCfg = Debug|Any CPU
		{946AA91E-6FDB-4293-984D-92D295E72CB0}.Debug|Any CPU.Build.0 = Debug|Any CPU
		{946AA91E-6FDB-4293-984D-92D295E72CB0}.Release|Any CPU.ActiveCfg = Release|Any CPU
		{946AA91E-6FDB-4293-984D-92D295E72CB0}.Release|Any CPU.Build.0 = Release|Any CPU
		{67BE58BF-14C7-457B-A8FF-7A3F6CE16A6D}.Debug|Any CPU.ActiveCfg = Debug|Any CPU
		{67BE58BF-14C7-457B-A8FF-7A3F6CE16A6D}.Debug|Any CPU.Build.0 = Debug|Any CPU
		{67BE58BF-14C7-457B-A8FF-7A3F6CE16A6D}.Release|Any CPU.ActiveCfg = Release|Any CPU
		{67BE58BF-14C7-457B-A8FF-7A3F6CE16A6D}.Release|Any CPU.Build.0 = Release|Any CPU
	EndGlobalSection
	GlobalSection(SolutionProperties) = preSolution
		HideSolutionNode = FALSE
	EndGlobalSection
EndGlobal
